
Microsoft Visual Studio Solution File, Format Version 12.00
# Visual Studio Version 17
VisualStudioVersion = 17.11.35312.102
MinimumVisualStudioVersion = 10.0.40219.1
Project("{9A19103F-16F7-4668-BE54-9A1E7A4F7556}") = "Candidate_Management_SE173535", "Candidate_Management_SE173535\Candidate_Management_SE173535.csproj", "{23E22AD4-2AB8-457A-A9AB-D2685A3ECC12}"
EndProject
Project("{FAE04EC0-301F-11D3-BF4B-00C04F79EFBC}") = "Candidate_BusinessObjects", "Candidate_BusinessObjects\Candidate_BusinessObjects.csproj", "{710B9D9C-1352-4C92-A2A9-D261B63B019E}"
EndProject
Project("{FAE04EC0-301F-11D3-BF4B-00C04F79EFBC}") = "Candidate_DAO", "Candidate_DAO\Candidate_DAO.csproj", "{D3F9BF7A-1129-498D-A438-8C8EE6FA4B72}"
EndProject
Project("{FAE04EC0-301F-11D3-BF4B-00C04F79EFBC}") = "Candidate_Repository", "Candidate_Repository\Candidate_Repository.csproj", "{F6ACC844-1274-4289-8B6E-FC1AEE775D02}"
EndProject
Project("{FAE04EC0-301F-11D3-BF4B-00C04F79EFBC}") = "Candidate_Service", "Candidate_Service\Candidate_Service.csproj", "{5A1ADA56-6888-4FFC-B7A5-E523B86420D5}"
EndProject
Global
	GlobalSection(SolutionConfigurationPlatforms) = preSolution
		Debug|Any CPU = Debug|Any CPU
		Release|Any CPU = Release|Any CPU
	EndGlobalSection
	GlobalSection(ProjectConfigurationPlatforms) = postSolution
		{23E22AD4-2AB8-457A-A9AB-D2685A3ECC12}.Debug|Any CPU.ActiveCfg = Debug|Any CPU
		{23E22AD4-2AB8-457A-A9AB-D2685A3ECC12}.Debug|Any CPU.Build.0 = Debug|Any CPU
		{23E22AD4-2AB8-457A-A9AB-D2685A3ECC12}.Release|Any CPU.ActiveCfg = Release|Any CPU
		{23E22AD4-2AB8-457A-A9AB-D2685A3ECC12}.Release|Any CPU.Build.0 = Release|Any CPU
		{710B9D9C-1352-4C92-A2A9-D261B63B019E}.Debug|Any CPU.ActiveCfg = Debug|Any CPU
		{710B9D9C-1352-4C92-A2A9-D261B63B019E}.Debug|Any CPU.Build.0 = Debug|Any CPU
		{710B9D9C-1352-4C92-A2A9-D261B63B019E}.Release|Any CPU.ActiveCfg = Release|Any CPU
		{710B9D9C-1352-4C92-A2A9-D261B63B019E}.Release|Any CPU.Build.0 = Release|Any CPU
		{D3F9BF7A-1129-498D-A438-8C8EE6FA4B72}.Debug|Any CPU.ActiveCfg = Debug|Any CPU
		{D3F9BF7A-1129-498D-A438-8C8EE6FA4B72}.Debug|Any CPU.Build.0 = Debug|Any CPU
		{D3F9BF7A-1129-498D-A438-8C8EE6FA4B72}.Release|Any CPU.ActiveCfg = Release|Any CPU
		{D3F9BF7A-1129-498D-A438-8C8EE6FA4B72}.Release|Any CPU.Build.0 = Release|Any CPU
		{F6ACC844-1274-4289-8B6E-FC1AEE775D02}.Debug|Any CPU.ActiveCfg = Debug|Any CPU
		{F6ACC844-1274-4289-8B6E-FC1AEE775D02}.Debug|Any CPU.Build.0 = Debug|Any CPU
		{F6ACC844-1274-4289-8B6E-FC1AEE775D02}.Release|Any CPU.ActiveCfg = Release|Any CPU
		{F6ACC844-1274-4289-8B6E-FC1AEE775D02}.Release|Any CPU.Build.0 = Release|Any CPU
		{5A1ADA56-6888-4FFC-B7A5-E523B86420D5}.Debug|Any CPU.ActiveCfg = Debug|Any CPU
		{5A1ADA56-6888-4FFC-B7A5-E523B86420D5}.Debug|Any CPU.Build.0 = Debug|Any CPU
		{5A1ADA56-6888-4FFC-B7A5-E523B86420D5}.Release|Any CPU.ActiveCfg = Release|Any CPU
		{5A1ADA56-6888-4FFC-B7A5-E523B86420D5}.Release|Any CPU.Build.0 = Release|Any CPU
	EndGlobalSection
	GlobalSection(SolutionProperties) = preSolution
		HideSolutionNode = FALSE
	EndGlobalSection
	GlobalSection(ExtensibilityGlobals) = postSolution
		SolutionGuid = {D237B92F-5AFD-4C9F-9D05-55C5D1ADA9D2}
	EndGlobalSection
EndGlobal
